
Microsoft Visual Studio Solution File, Format Version 12.00
# Visual Studio Version 16
VisualStudioVersion = 16.0.30114.105
MinimumVisualStudioVersion = 10.0.40219.1
Project("{FAE04EC0-301F-11D3-BF4B-00C04F79EFBC}") = "PromotionEngine", "PromotionEngine\PromotionEngine.csproj", "{9432A649-8C89-47F9-8166-6156BDFD7906}"
EndProject
Project("{FAE04EC0-301F-11D3-BF4B-00C04F79EFBC}") = "RulesEngine", "RulesEngine\RulesEngine.csproj", "{7B65617F-8591-40E8-8BBE-DCB97A3D425D}"
EndProject
Project("{FAE04EC0-301F-11D3-BF4B-00C04F79EFBC}") = "Engine.Tests", "Engine.Tests\Engine.Tests.csproj", "{E5427FA6-619F-4079-9C63-4155441C585D}"
EndProject
Global
	GlobalSection(SolutionConfigurationPlatforms) = preSolution
		Debug|Any CPU = Debug|Any CPU
		Debug|x64 = Debug|x64
		Debug|x86 = Debug|x86
		Release|Any CPU = Release|Any CPU
		Release|x64 = Release|x64
		Release|x86 = Release|x86
	EndGlobalSection
	GlobalSection(SolutionProperties) = preSolution
		HideSolutionNode = FALSE
	EndGlobalSection
	GlobalSection(ProjectConfigurationPlatforms) = postSolution
		{9432A649-8C89-47F9-8166-6156BDFD7906}.Debug|Any CPU.ActiveCfg = Debug|Any CPU
		{9432A649-8C89-47F9-8166-6156BDFD7906}.Debug|Any CPU.Build.0 = Debug|Any CPU
		{9432A649-8C89-47F9-8166-6156BDFD7906}.Debug|x64.ActiveCfg = Debug|Any CPU
		{9432A649-8C89-47F9-8166-6156BDFD7906}.Debug|x64.Build.0 = Debug|Any CPU
		{9432A649-8C89-47F9-8166-6156BDFD7906}.Debug|x86.ActiveCfg = Debug|Any CPU
		{9432A649-8C89-47F9-8166-6156BDFD7906}.Debug|x86.Build.0 = Debug|Any CPU
		{9432A649-8C89-47F9-8166-6156BDFD7906}.Release|Any CPU.ActiveCfg = Release|Any CPU
		{9432A649-8C89-47F9-8166-6156BDFD7906}.Release|Any CPU.Build.0 = Release|Any CPU
		{9432A649-8C89-47F9-8166-6156BDFD7906}.Release|x64.ActiveCfg = Release|Any CPU
		{9432A649-8C89-47F9-8166-6156BDFD7906}.Release|x64.Build.0 = Release|Any CPU
		{9432A649-8C89-47F9-8166-6156BDFD7906}.Release|x86.ActiveCfg = Release|Any CPU
		{9432A649-8C89-47F9-8166-6156BDFD7906}.Release|x86.Build.0 = Release|Any CPU
		{7B65617F-8591-40E8-8BBE-DCB97A3D425D}.Debug|Any CPU.ActiveCfg = Debug|Any CPU
		{7B65617F-8591-40E8-8BBE-DCB97A3D425D}.Debug|Any CPU.Build.0 = Debug|Any CPU
		{7B65617F-8591-40E8-8BBE-DCB97A3D425D}.Debug|x64.ActiveCfg = Debug|Any CPU
		{7B65617F-8591-40E8-8BBE-DCB97A3D425D}.Debug|x64.Build.0 = Debug|Any CPU
		{7B65617F-8591-40E8-8BBE-DCB97A3D425D}.Debug|x86.ActiveCfg = Debug|Any CPU
		{7B65617F-8591-40E8-8BBE-DCB97A3D425D}.Debug|x86.Build.0 = Debug|Any CPU
		{7B65617F-8591-40E8-8BBE-DCB97A3D425D}.Release|Any CPU.ActiveCfg = Release|Any CPU
		{7B65617F-8591-40E8-8BBE-DCB97A3D425D}.Release|Any CPU.Build.0 = Release|Any CPU
		{7B65617F-8591-40E8-8BBE-DCB97A3D425D}.Release|x64.ActiveCfg = Release|Any CPU
		{7B65617F-8591-40E8-8BBE-DCB97A3D425D}.Release|x64.Build.0 = Release|Any CPU
		{7B65617F-8591-40E8-8BBE-DCB97A3D425D}.Release|x86.ActiveCfg = Release|Any CPU
		{7B65617F-8591-40E8-8BBE-DCB97A3D425D}.Release|x86.Build.0 = Release|Any CPU
		{E5427FA6-619F-4079-9C63-4155441C585D}.Debug|Any CPU.ActiveCfg = Debug|Any CPU
		{E5427FA6-619F-4079-9C63-4155441C585D}.Debug|Any CPU.Build.0 = Debug|Any CPU
		{E5427FA6-619F-4079-9C63-4155441C585D}.Debug|x64.ActiveCfg = Debug|Any CPU
		{E5427FA6-619F-4079-9C63-4155441C585D}.Debug|x64.Build.0 = Debug|Any CPU
		{E5427FA6-619F-4079-9C63-4155441C585D}.Debug|x86.ActiveCfg = Debug|Any CPU
		{E5427FA6-619F-4079-9C63-4155441C585D}.Debug|x86.Build.0 = Debug|Any CPU
		{E5427FA6-619F-4079-9C63-4155441C585D}.Release|Any CPU.ActiveCfg = Release|Any CPU
		{E5427FA6-619F-4079-9C63-4155441C585D}.Release|Any CPU.Build.0 = Release|Any CPU
		{E5427FA6-619F-4079-9C63-4155441C585D}.Release|x64.ActiveCfg = Release|Any CPU
		{E5427FA6-619F-4079-9C63-4155441C585D}.Release|x64.Build.0 = Release|Any CPU
		{E5427FA6-619F-4079-9C63-4155441C585D}.Release|x86.ActiveCfg = Release|Any CPU
		{E5427FA6-619F-4079-9C63-4155441C585D}.Release|x86.Build.0 = Release|Any CPU
	EndGlobalSection
EndGlobal
